// !$*UTF8*$!
{
	archiveVersion = 1;
	classes = {
	};
	objectVersion = 46;
	objects = {

/* Begin PBXBuildFile section */
		34FEF6E7B4AB2E8D7675BB49 /* libPods.a in Frameworks */ = {isa = PBXBuildFile; fileRef = A91F693795B775109FAC8E43 /* libPods.a */; };
		571006831C75B76F00EDAE20 /* LJLoginRigsterViewController.m in Sources */ = {isa = PBXBuildFile; fileRef = 571006811C75B76F00EDAE20 /* LJLoginRigsterViewController.m */; };
		571006841C75B76F00EDAE20 /* LJLoginRigsterViewController.xib in Resources */ = {isa = PBXBuildFile; fileRef = 571006821C75B76F00EDAE20 /* LJLoginRigsterViewController.xib */; };
		571006871C75C12B00EDAE20 /* LJVerticalButton.m in Sources */ = {isa = PBXBuildFile; fileRef = 571006861C75C12B00EDAE20 /* LJVerticalButton.m */; };
		571529921C72B434005F7107 /* LJRecommentCategory.m in Sources */ = {isa = PBXBuildFile; fileRef = 571529911C72B434005F7107 /* LJRecommentCategory.m */; };
		571529971C72B992005F7107 /* LJCategoryTableViewCell.m in Sources */ = {isa = PBXBuildFile; fileRef = 571529951C72B992005F7107 /* LJCategoryTableViewCell.m */; };
		571529981C72B992005F7107 /* LJCategoryTableViewCell.xib in Resources */ = {isa = PBXBuildFile; fileRef = 571529961C72B992005F7107 /* LJCategoryTableViewCell.xib */; };
		5766BFF01C74A0EF003EF8C1 /* LJRecomendTagsTableViewController.m in Sources */ = {isa = PBXBuildFile; fileRef = 5766BFEF1C74A0EF003EF8C1 /* LJRecomendTagsTableViewController.m */; };
		5766BFF31C74B252003EF8C1 /* LJRecomendTags.m in Sources */ = {isa = PBXBuildFile; fileRef = 5766BFF21C74B252003EF8C1 /* LJRecomendTags.m */; };
		5766BFF71C74B64B003EF8C1 /* LJRecomentTagsCell.m in Sources */ = {isa = PBXBuildFile; fileRef = 5766BFF51C74B64B003EF8C1 /* LJRecomentTagsCell.m */; };
		5766BFF81C74B64B003EF8C1 /* LJRecomentTagsCell.xib in Resources */ = {isa = PBXBuildFile; fileRef = 5766BFF61C74B64B003EF8C1 /* LJRecomentTagsCell.xib */; };
		5771676A1C731A6B00BB62EB /* Foundation+Log.m in Sources */ = {isa = PBXBuildFile; fileRef = 577167691C731A6B00BB62EB /* Foundation+Log.m */; };
		57DC77A11C742DB50019A4DA /* LJUserTableViewCell.m in Sources */ = {isa = PBXBuildFile; fileRef = 57DC779F1C742DB50019A4DA /* LJUserTableViewCell.m */; };
		57DC77A21C742DB50019A4DA /* LJUserTableViewCell.xib in Resources */ = {isa = PBXBuildFile; fileRef = 57DC77A01C742DB50019A4DA /* LJUserTableViewCell.xib */; };
		57DC77A51C7432670019A4DA /* LJUserRecomendModel.m in Sources */ = {isa = PBXBuildFile; fileRef = 57DC77A41C7432670019A4DA /* LJUserRecomendModel.m */; };
		57DDCE621C6F711B00AD3331 /* Assets.xcassets in Resources */ = {isa = PBXBuildFile; fileRef = 57DDCE611C6F711B00AD3331 /* Assets.xcassets */; };
		57DDCE701C6F711B00AD3331 /* baisibudejieTests.m in Sources */ = {isa = PBXBuildFile; fileRef = 57DDCE6F1C6F711B00AD3331 /* baisibudejieTests.m */; };
		57DDCE7B1C6F711B00AD3331 /* baisibudejieUITests.m in Sources */ = {isa = PBXBuildFile; fileRef = 57DDCE7A1C6F711B00AD3331 /* baisibudejieUITests.m */; };
		57EB3E471C70AAC400325104 /* LJEssenceViewController.m in Sources */ = {isa = PBXBuildFile; fileRef = 57EB3E1E1C70AAC400325104 /* LJEssenceViewController.m */; };
		57EB3E481C70AAC400325104 /* LJFriendTrendsViewController.m in Sources */ = {isa = PBXBuildFile; fileRef = 57EB3E241C70AAC400325104 /* LJFriendTrendsViewController.m */; };
		57EB3E491C70AAC400325104 /* LJMeViewController.m in Sources */ = {isa = PBXBuildFile; fileRef = 57EB3E2E1C70AAC400325104 /* LJMeViewController.m */; };
		57EB3E4A1C70AAC400325104 /* LJNewViewController.m in Sources */ = {isa = PBXBuildFile; fileRef = 57EB3E341C70AAC400325104 /* LJNewViewController.m */; };
		57EB3E4B1C70AAC400325104 /* AppDelegate.m in Sources */ = {isa = PBXBuildFile; fileRef = 57EB3E391C70AAC400325104 /* AppDelegate.m */; };
		57EB3E4C1C70AAC400325104 /* UIBarButtonItem+LJExtension.m in Sources */ = {isa = PBXBuildFile; fileRef = 57EB3E3C1C70AAC400325104 /* UIBarButtonItem+LJExtension.m */; };
		57EB3E4D1C70AAC400325104 /* UIView+LJExtension.m in Sources */ = {isa = PBXBuildFile; fileRef = 57EB3E3E1C70AAC400325104 /* UIView+LJExtension.m */; };
		57EB3E4E1C70AAC400325104 /* LJViewController.m in Sources */ = {isa = PBXBuildFile; fileRef = 57EB3E411C70AAC400325104 /* LJViewController.m */; };
		57EB3E4F1C70AAC400325104 /* main.m in Sources */ = {isa = PBXBuildFile; fileRef = 57EB3E421C70AAC400325104 /* main.m */; };
		57EB3E501C70AAC400325104 /* LJTabBar.m in Sources */ = {isa = PBXBuildFile; fileRef = 57EB3E461C70AAC400325104 /* LJTabBar.m */; };
		57EB3E531C70BEF900325104 /* LJNavigationController.m in Sources */ = {isa = PBXBuildFile; fileRef = 57EB3E521C70BEF900325104 /* LJNavigationController.m */; };
		57EB3E5A1C70E51100325104 /* LJFriendTrendsViewController.xib in Resources */ = {isa = PBXBuildFile; fileRef = 57EB3E591C70E51100325104 /* LJFriendTrendsViewController.xib */; };
		57EB3E5E1C70E8D100325104 /* LJRecommendViewController.m in Sources */ = {isa = PBXBuildFile; fileRef = 57EB3E5C1C70E8D100325104 /* LJRecommendViewController.m */; };
		57EB3E5F1C70E8D100325104 /* LJRecommendViewController.xib in Resources */ = {isa = PBXBuildFile; fileRef = 57EB3E5D1C70E8D100325104 /* LJRecommendViewController.xib */; };
/* End PBXBuildFile section */

/* Begin PBXContainerItemProxy section */
		57DDCE6C1C6F711B00AD3331 /* PBXContainerItemProxy */ = {
			isa = PBXContainerItemProxy;
			containerPortal = 57DDCE4A1C6F711A00AD3331 /* Project object */;
			proxyType = 1;
			remoteGlobalIDString = 57DDCE511C6F711A00AD3331;
			remoteInfo = baisibudejie;
		};
		57DDCE771C6F711B00AD3331 /* PBXContainerItemProxy */ = {
			isa = PBXContainerItemProxy;
			containerPortal = 57DDCE4A1C6F711A00AD3331 /* Project object */;
			proxyType = 1;
			remoteGlobalIDString = 57DDCE511C6F711A00AD3331;
			remoteInfo = baisibudejie;
		};
/* End PBXContainerItemProxy section */

/* Begin PBXFileReference section */
		571006801C75B76F00EDAE20 /* LJLoginRigsterViewController.h */ = {isa = PBXFileReference; fileEncoding = 4; lastKnownFileType = sourcecode.c.h; path = LJLoginRigsterViewController.h; sourceTree = "<group>"; };
		571006811C75B76F00EDAE20 /* LJLoginRigsterViewController.m */ = {isa = PBXFileReference; fileEncoding = 4; lastKnownFileType = sourcecode.c.objc; path = LJLoginRigsterViewController.m; sourceTree = "<group>"; };
		571006821C75B76F00EDAE20 /* LJLoginRigsterViewController.xib */ = {isa = PBXFileReference; fileEncoding = 4; lastKnownFileType = file.xib; path = LJLoginRigsterViewController.xib; sourceTree = "<group>"; };
		571006851C75C12B00EDAE20 /* LJVerticalButton.h */ = {isa = PBXFileReference; fileEncoding = 4; lastKnownFileType = sourcecode.c.h; path = LJVerticalButton.h; sourceTree = "<group>"; };
		571006861C75C12B00EDAE20 /* LJVerticalButton.m */ = {isa = PBXFileReference; fileEncoding = 4; lastKnownFileType = sourcecode.c.objc; path = LJVerticalButton.m; sourceTree = "<group>"; };
		571529901C72B434005F7107 /* LJRecommentCategory.h */ = {isa = PBXFileReference; fileEncoding = 4; lastKnownFileType = sourcecode.c.h; path = LJRecommentCategory.h; sourceTree = "<group>"; };
		571529911C72B434005F7107 /* LJRecommentCategory.m */ = {isa = PBXFileReference; fileEncoding = 4; lastKnownFileType = sourcecode.c.objc; path = LJRecommentCategory.m; sourceTree = "<group>"; };
		571529931C72B777005F7107 /* LJRecommendViewController.h */ = {isa = PBXFileReference; lastKnownFileType = sourcecode.c.h; path = LJRecommendViewController.h; sourceTree = "<group>"; };
		571529941C72B992005F7107 /* LJCategoryTableViewCell.h */ = {isa = PBXFileReference; fileEncoding = 4; lastKnownFileType = sourcecode.c.h; path = LJCategoryTableViewCell.h; sourceTree = "<group>"; };
		571529951C72B992005F7107 /* LJCategoryTableViewCell.m */ = {isa = PBXFileReference; fileEncoding = 4; lastKnownFileType = sourcecode.c.objc; path = LJCategoryTableViewCell.m; sourceTree = "<group>"; };
		571529961C72B992005F7107 /* LJCategoryTableViewCell.xib */ = {isa = PBXFileReference; fileEncoding = 4; lastKnownFileType = file.xib; path = LJCategoryTableViewCell.xib; sourceTree = "<group>"; };
		5766BFEE1C74A0EF003EF8C1 /* LJRecomendTagsTableViewController.h */ = {isa = PBXFileReference; fileEncoding = 4; lastKnownFileType = sourcecode.c.h; path = LJRecomendTagsTableViewController.h; sourceTree = "<group>"; };
		5766BFEF1C74A0EF003EF8C1 /* LJRecomendTagsTableViewController.m */ = {isa = PBXFileReference; fileEncoding = 4; lastKnownFileType = sourcecode.c.objc; path = LJRecomendTagsTableViewController.m; sourceTree = "<group>"; };
		5766BFF11C74B252003EF8C1 /* LJRecomendTags.h */ = {isa = PBXFileReference; fileEncoding = 4; lastKnownFileType = sourcecode.c.h; name = LJRecomendTags.h; path = baisibudejie/Classes/Essence/Controller/LJRecomendTags.h; sourceTree = SOURCE_ROOT; };
		5766BFF21C74B252003EF8C1 /* LJRecomendTags.m */ = {isa = PBXFileReference; fileEncoding = 4; lastKnownFileType = sourcecode.c.objc; name = LJRecomendTags.m; path = baisibudejie/Classes/Essence/Controller/LJRecomendTags.m; sourceTree = SOURCE_ROOT; };
		5766BFF41C74B64B003EF8C1 /* LJRecomentTagsCell.h */ = {isa = PBXFileReference; fileEncoding = 4; lastKnownFileType = sourcecode.c.h; name = LJRecomentTagsCell.h; path = baisibudejie/Classes/Essence/Controller/LJRecomentTagsCell.h; sourceTree = SOURCE_ROOT; };
		5766BFF51C74B64B003EF8C1 /* LJRecomentTagsCell.m */ = {isa = PBXFileReference; fileEncoding = 4; lastKnownFileType = sourcecode.c.objc; name = LJRecomentTagsCell.m; path = baisibudejie/Classes/Essence/Controller/LJRecomentTagsCell.m; sourceTree = SOURCE_ROOT; };
		5766BFF61C74B64B003EF8C1 /* LJRecomentTagsCell.xib */ = {isa = PBXFileReference; fileEncoding = 4; lastKnownFileType = file.xib; name = LJRecomentTagsCell.xib; path = baisibudejie/Classes/Essence/Controller/LJRecomentTagsCell.xib; sourceTree = SOURCE_ROOT; };
		577167691C731A6B00BB62EB /* Foundation+Log.m */ = {isa = PBXFileReference; fileEncoding = 4; lastKnownFileType = sourcecode.c.objc; path = "Foundation+Log.m"; sourceTree = "<group>"; };
		57D067EE1C72C50900219C23 /* baisibudejie.app */ = {isa = PBXFileReference; explicitFileType = wrapper.application; includeInIndex = 0; path = baisibudejie.app; sourceTree = BUILT_PRODUCTS_DIR; };
		57D067EF1C72C50900219C23 /* baisibudejieTests.xctest */ = {isa = PBXFileReference; explicitFileType = wrapper.cfbundle; includeInIndex = 0; path = baisibudejieTests.xctest; sourceTree = BUILT_PRODUCTS_DIR; };
		57D067F01C72C50900219C23 /* baisibudejieUITests.xctest */ = {isa = PBXFileReference; explicitFileType = wrapper.cfbundle; includeInIndex = 0; path = baisibudejieUITests.xctest; sourceTree = BUILT_PRODUCTS_DIR; };
		57DC779E1C742DB50019A4DA /* LJUserTableViewCell.h */ = {isa = PBXFileReference; fileEncoding = 4; lastKnownFileType = sourcecode.c.h; path = LJUserTableViewCell.h; sourceTree = "<group>"; };
		57DC779F1C742DB50019A4DA /* LJUserTableViewCell.m */ = {isa = PBXFileReference; fileEncoding = 4; lastKnownFileType = sourcecode.c.objc; path = LJUserTableViewCell.m; sourceTree = "<group>"; };
		57DC77A01C742DB50019A4DA /* LJUserTableViewCell.xib */ = {isa = PBXFileReference; fileEncoding = 4; lastKnownFileType = file.xib; path = LJUserTableViewCell.xib; sourceTree = "<group>"; };
		57DC77A31C7432670019A4DA /* LJUserRecomendModel.h */ = {isa = PBXFileReference; fileEncoding = 4; lastKnownFileType = sourcecode.c.h; path = LJUserRecomendModel.h; sourceTree = "<group>"; };
		57DC77A41C7432670019A4DA /* LJUserRecomendModel.m */ = {isa = PBXFileReference; fileEncoding = 4; lastKnownFileType = sourcecode.c.objc; path = LJUserRecomendModel.m; sourceTree = "<group>"; };
		57DDCE611C6F711B00AD3331 /* Assets.xcassets */ = {isa = PBXFileReference; lastKnownFileType = folder.assetcatalog; path = Assets.xcassets; sourceTree = "<group>"; };
		57DDCE661C6F711B00AD3331 /* Info.plist */ = {isa = PBXFileReference; lastKnownFileType = text.plist.xml; path = Info.plist; sourceTree = "<group>"; };
		57DDCE6F1C6F711B00AD3331 /* baisibudejieTests.m */ = {isa = PBXFileReference; lastKnownFileType = sourcecode.c.objc; path = baisibudejieTests.m; sourceTree = "<group>"; };
		57DDCE711C6F711B00AD3331 /* Info.plist */ = {isa = PBXFileReference; lastKnownFileType = text.plist.xml; path = Info.plist; sourceTree = "<group>"; };
		57DDCE7A1C6F711B00AD3331 /* baisibudejieUITests.m */ = {isa = PBXFileReference; lastKnownFileType = sourcecode.c.objc; path = baisibudejieUITests.m; sourceTree = "<group>"; };
		57DDCE7C1C6F711B00AD3331 /* Info.plist */ = {isa = PBXFileReference; lastKnownFileType = text.plist.xml; path = Info.plist; sourceTree = "<group>"; };
		57EB3E1D1C70AAC400325104 /* LJEssenceViewController.h */ = {isa = PBXFileReference; fileEncoding = 4; lastKnownFileType = sourcecode.c.h; path = LJEssenceViewController.h; sourceTree = "<group>"; };
		57EB3E1E1C70AAC400325104 /* LJEssenceViewController.m */ = {isa = PBXFileReference; fileEncoding = 4; lastKnownFileType = sourcecode.c.objc; path = LJEssenceViewController.m; sourceTree = "<group>"; };
		57EB3E231C70AAC400325104 /* LJFriendTrendsViewController.h */ = {isa = PBXFileReference; fileEncoding = 4; lastKnownFileType = sourcecode.c.h; path = LJFriendTrendsViewController.h; sourceTree = "<group>"; };
		57EB3E241C70AAC400325104 /* LJFriendTrendsViewController.m */ = {isa = PBXFileReference; fileEncoding = 4; lastKnownFileType = sourcecode.c.objc; path = LJFriendTrendsViewController.m; sourceTree = "<group>"; };
		57EB3E2D1C70AAC400325104 /* LJMeViewController.h */ = {isa = PBXFileReference; fileEncoding = 4; lastKnownFileType = sourcecode.c.h; path = LJMeViewController.h; sourceTree = "<group>"; };
		57EB3E2E1C70AAC400325104 /* LJMeViewController.m */ = {isa = PBXFileReference; fileEncoding = 4; lastKnownFileType = sourcecode.c.objc; path = LJMeViewController.m; sourceTree = "<group>"; };
		57EB3E331C70AAC400325104 /* LJNewViewController.h */ = {isa = PBXFileReference; fileEncoding = 4; lastKnownFileType = sourcecode.c.h; path = LJNewViewController.h; sourceTree = "<group>"; };
		57EB3E341C70AAC400325104 /* LJNewViewController.m */ = {isa = PBXFileReference; fileEncoding = 4; lastKnownFileType = sourcecode.c.objc; path = LJNewViewController.m; sourceTree = "<group>"; };
		57EB3E381C70AAC400325104 /* AppDelegate.h */ = {isa = PBXFileReference; fileEncoding = 4; lastKnownFileType = sourcecode.c.h; path = AppDelegate.h; sourceTree = "<group>"; };
		57EB3E391C70AAC400325104 /* AppDelegate.m */ = {isa = PBXFileReference; fileEncoding = 4; lastKnownFileType = sourcecode.c.objc; path = AppDelegate.m; sourceTree = "<group>"; };
		57EB3E3B1C70AAC400325104 /* UIBarButtonItem+LJExtension.h */ = {isa = PBXFileReference; fileEncoding = 4; lastKnownFileType = sourcecode.c.h; path = "UIBarButtonItem+LJExtension.h"; sourceTree = "<group>"; };
		57EB3E3C1C70AAC400325104 /* UIBarButtonItem+LJExtension.m */ = {isa = PBXFileReference; fileEncoding = 4; lastKnownFileType = sourcecode.c.objc; path = "UIBarButtonItem+LJExtension.m"; sourceTree = "<group>"; };
		57EB3E3D1C70AAC400325104 /* UIView+LJExtension.h */ = {isa = PBXFileReference; fileEncoding = 4; lastKnownFileType = sourcecode.c.h; path = "UIView+LJExtension.h"; sourceTree = "<group>"; };
		57EB3E3E1C70AAC400325104 /* UIView+LJExtension.m */ = {isa = PBXFileReference; fileEncoding = 4; lastKnownFileType = sourcecode.c.objc; path = "UIView+LJExtension.m"; sourceTree = "<group>"; };
		57EB3E401C70AAC400325104 /* LJViewController.h */ = {isa = PBXFileReference; fileEncoding = 4; lastKnownFileType = sourcecode.c.h; path = LJViewController.h; sourceTree = "<group>"; };
		57EB3E411C70AAC400325104 /* LJViewController.m */ = {isa = PBXFileReference; fileEncoding = 4; lastKnownFileType = sourcecode.c.objc; path = LJViewController.m; sourceTree = "<group>"; };
		57EB3E421C70AAC400325104 /* main.m */ = {isa = PBXFileReference; fileEncoding = 4; lastKnownFileType = sourcecode.c.objc; path = main.m; sourceTree = "<group>"; };
		57EB3E431C70AAC400325104 /* PrefixHeader.pch */ = {isa = PBXFileReference; fileEncoding = 4; lastKnownFileType = sourcecode.c.h; path = PrefixHeader.pch; sourceTree = "<group>"; };
		57EB3E451C70AAC400325104 /* LJTabBar.h */ = {isa = PBXFileReference; fileEncoding = 4; lastKnownFileType = sourcecode.c.h; path = LJTabBar.h; sourceTree = "<group>"; };
		57EB3E461C70AAC400325104 /* LJTabBar.m */ = {isa = PBXFileReference; fileEncoding = 4; lastKnownFileType = sourcecode.c.objc; path = LJTabBar.m; sourceTree = "<group>"; };
		57EB3E511C70BEF900325104 /* LJNavigationController.h */ = {isa = PBXFileReference; fileEncoding = 4; lastKnownFileType = sourcecode.c.h; path = LJNavigationController.h; sourceTree = "<group>"; };
		57EB3E521C70BEF900325104 /* LJNavigationController.m */ = {isa = PBXFileReference; fileEncoding = 4; lastKnownFileType = sourcecode.c.objc; path = LJNavigationController.m; sourceTree = "<group>"; };
		57EB3E591C70E51100325104 /* LJFriendTrendsViewController.xib */ = {isa = PBXFileReference; fileEncoding = 4; lastKnownFileType = file.xib; path = LJFriendTrendsViewController.xib; sourceTree = "<group>"; };
		57EB3E5C1C70E8D100325104 /* LJRecommendViewController.m */ = {isa = PBXFileReference; fileEncoding = 4; lastKnownFileType = sourcecode.c.objc; path = LJRecommendViewController.m; sourceTree = "<group>"; };
		57EB3E5D1C70E8D100325104 /* LJRecommendViewController.xib */ = {isa = PBXFileReference; fileEncoding = 4; lastKnownFileType = file.xib; path = LJRecommendViewController.xib; sourceTree = "<group>"; };
		65E3C2A5CCEF196496159931 /* Pods.debug.xcconfig */ = {isa = PBXFileReference; includeInIndex = 1; lastKnownFileType = text.xcconfig; name = Pods.debug.xcconfig; path = "Pods/Target Support Files/Pods/Pods.debug.xcconfig"; sourceTree = "<group>"; };
		A91F693795B775109FAC8E43 /* libPods.a */ = {isa = PBXFileReference; explicitFileType = archive.ar; includeInIndex = 0; path = libPods.a; sourceTree = BUILT_PRODUCTS_DIR; };
		C5C5A9A95294F7D0BD28E73E /* Pods.release.xcconfig */ = {isa = PBXFileReference; includeInIndex = 1; lastKnownFileType = text.xcconfig; name = Pods.release.xcconfig; path = "Pods/Target Support Files/Pods/Pods.release.xcconfig"; sourceTree = "<group>"; };
/* End PBXFileReference section */

/* Begin PBXFrameworksBuildPhase section */
		57DDCE4F1C6F711A00AD3331 /* Frameworks */ = {
			isa = PBXFrameworksBuildPhase;
			buildActionMask = 2147483647;
			files = (
				34FEF6E7B4AB2E8D7675BB49 /* libPods.a in Frameworks */,
			);
			runOnlyForDeploymentPostprocessing = 0;
		};
		57DDCE681C6F711B00AD3331 /* Frameworks */ = {
			isa = PBXFrameworksBuildPhase;
			buildActionMask = 2147483647;
			files = (
			);
			runOnlyForDeploymentPostprocessing = 0;
		};
		57DDCE731C6F711B00AD3331 /* Frameworks */ = {
			isa = PBXFrameworksBuildPhase;
			buildActionMask = 2147483647;
			files = (
			);
			runOnlyForDeploymentPostprocessing = 0;
		};
/* End PBXFrameworksBuildPhase section */

/* Begin PBXGroup section */
		3F2D14C24EF50F7C239FF99E /* Frameworks */ = {
			isa = PBXGroup;
			children = (
				A91F693795B775109FAC8E43 /* libPods.a */,
			);
			name = Frameworks;
			sourceTree = "<group>";
		};
		57DDCE491C6F711A00AD3331 = {
			isa = PBXGroup;
			children = (
				57DDCE541C6F711B00AD3331 /* baisibudejie */,
				57DDCE6E1C6F711B00AD3331 /* baisibudejieTests */,
				57DDCE791C6F711B00AD3331 /* baisibudejieUITests */,
				91518BB48D0C0DA2343E6309 /* Pods */,
				3F2D14C24EF50F7C239FF99E /* Frameworks */,
				57D067EE1C72C50900219C23 /* baisibudejie.app */,
				57D067EF1C72C50900219C23 /* baisibudejieTests.xctest */,
				57D067F01C72C50900219C23 /* baisibudejieUITests.xctest */,
			);
			sourceTree = "<group>";
		};
		57DDCE541C6F711B00AD3331 /* baisibudejie */ = {
			isa = PBXGroup;
			children = (
				57EB3E1A1C70AAC400325104 /* Classes */,
				57DDCE551C6F711B00AD3331 /* Supporting Files */,
			);
			path = baisibudejie;
			sourceTree = "<group>";
		};
		57DDCE551C6F711B00AD3331 /* Supporting Files */ = {
			isa = PBXGroup;
			children = (
				57DDCE611C6F711B00AD3331 /* Assets.xcassets */,
				57DDCE661C6F711B00AD3331 /* Info.plist */,
			);
			name = "Supporting Files";
			sourceTree = "<group>";
		};
		57DDCE6E1C6F711B00AD3331 /* baisibudejieTests */ = {
			isa = PBXGroup;
			children = (
				57DDCE6F1C6F711B00AD3331 /* baisibudejieTests.m */,
				57DDCE711C6F711B00AD3331 /* Info.plist */,
			);
			path = baisibudejieTests;
			sourceTree = "<group>";
		};
		57DDCE791C6F711B00AD3331 /* baisibudejieUITests */ = {
			isa = PBXGroup;
			children = (
				57DDCE7A1C6F711B00AD3331 /* baisibudejieUITests.m */,
				57DDCE7C1C6F711B00AD3331 /* Info.plist */,
			);
			path = baisibudejieUITests;
			sourceTree = "<group>";
		};
		57EB3E1A1C70AAC400325104 /* Classes */ = {
			isa = PBXGroup;
			children = (
				57EB3E1B1C70AAC400325104 /* Essence */,
				57EB3E211C70AAC400325104 /* FriendTrends */,
				57EB3E2B1C70AAC400325104 /* Me */,
				57EB3E311C70AAC400325104 /* New */,
				57EB3E371C70AAC400325104 /* Other */,
			);
			path = Classes;
			sourceTree = "<group>";
		};
		57EB3E1B1C70AAC400325104 /* Essence */ = {
			isa = PBXGroup;
			children = (
				57EB3E1C1C70AAC400325104 /* Controller */,
				57EB3E1F1C70AAC400325104 /* Model */,
				57EB3E201C70AAC400325104 /* View */,
			);
			path = Essence;
			sourceTree = "<group>";
		};
		57EB3E1C1C70AAC400325104 /* Controller */ = {
			isa = PBXGroup;
			children = (
				57EB3E1D1C70AAC400325104 /* LJEssenceViewController.h */,
				57EB3E1E1C70AAC400325104 /* LJEssenceViewController.m */,
				5766BFEE1C74A0EF003EF8C1 /* LJRecomendTagsTableViewController.h */,
				5766BFEF1C74A0EF003EF8C1 /* LJRecomendTagsTableViewController.m */,
			);
			path = Controller;
			sourceTree = "<group>";
		};
		57EB3E1F1C70AAC400325104 /* Model */ = {
			isa = PBXGroup;
			children = (
				5766BFF11C74B252003EF8C1 /* LJRecomendTags.h */,
				5766BFF21C74B252003EF8C1 /* LJRecomendTags.m */,
			);
			path = Model;
			sourceTree = "<group>";
		};
		57EB3E201C70AAC400325104 /* View */ = {
			isa = PBXGroup;
			children = (
				5766BFF41C74B64B003EF8C1 /* LJRecomentTagsCell.h */,
				5766BFF51C74B64B003EF8C1 /* LJRecomentTagsCell.m */,
				5766BFF61C74B64B003EF8C1 /* LJRecomentTagsCell.xib */,
			);
			path = View;
			sourceTree = "<group>";
		};
		57EB3E211C70AAC400325104 /* FriendTrends */ = {
			isa = PBXGroup;
			children = (
				57EB3E221C70AAC400325104 /* Controller */,
				57EB3E291C70AAC400325104 /* Model */,
				57EB3E2A1C70AAC400325104 /* View */,
			);
			path = FriendTrends;
			sourceTree = "<group>";
		};
		57EB3E221C70AAC400325104 /* Controller */ = {
			isa = PBXGroup;
			children = (
				57EB3E231C70AAC400325104 /* LJFriendTrendsViewController.h */,
				57EB3E241C70AAC400325104 /* LJFriendTrendsViewController.m */,
				57EB3E591C70E51100325104 /* LJFriendTrendsViewController.xib */,
				571529931C72B777005F7107 /* LJRecommendViewController.h */,
				57EB3E5C1C70E8D100325104 /* LJRecommendViewController.m */,
				57EB3E5D1C70E8D100325104 /* LJRecommendViewController.xib */,
				571006801C75B76F00EDAE20 /* LJLoginRigsterViewController.h */,
				571006811C75B76F00EDAE20 /* LJLoginRigsterViewController.m */,
				571006821C75B76F00EDAE20 /* LJLoginRigsterViewController.xib */,
			);
			path = Controller;
			sourceTree = "<group>";
		};
		57EB3E291C70AAC400325104 /* Model */ = {
			isa = PBXGroup;
			children = (
				571529901C72B434005F7107 /* LJRecommentCategory.h */,
				571529911C72B434005F7107 /* LJRecommentCategory.m */,
				57DC77A31C7432670019A4DA /* LJUserRecomendModel.h */,
				57DC77A41C7432670019A4DA /* LJUserRecomendModel.m */,
			);
			path = Model;
			sourceTree = "<group>";
		};
		57EB3E2A1C70AAC400325104 /* View */ = {
			isa = PBXGroup;
			children = (
				571529941C72B992005F7107 /* LJCategoryTableViewCell.h */,
				571529951C72B992005F7107 /* LJCategoryTableViewCell.m */,
				571529961C72B992005F7107 /* LJCategoryTableViewCell.xib */,
				57DC779E1C742DB50019A4DA /* LJUserTableViewCell.h */,
				57DC779F1C742DB50019A4DA /* LJUserTableViewCell.m */,
				57DC77A01C742DB50019A4DA /* LJUserTableViewCell.xib */,
				571006851C75C12B00EDAE20 /* LJVerticalButton.h */,
				571006861C75C12B00EDAE20 /* LJVerticalButton.m */,
			);
			path = View;
			sourceTree = "<group>";
		};
		57EB3E2B1C70AAC400325104 /* Me */ = {
			isa = PBXGroup;
			children = (
				57EB3E2C1C70AAC400325104 /* Controller */,
				57EB3E2F1C70AAC400325104 /* Model */,
				57EB3E301C70AAC400325104 /* View */,
			);
			path = Me;
			sourceTree = "<group>";
		};
		57EB3E2C1C70AAC400325104 /* Controller */ = {
			isa = PBXGroup;
			children = (
				57EB3E2D1C70AAC400325104 /* LJMeViewController.h */,
				57EB3E2E1C70AAC400325104 /* LJMeViewController.m */,
			);
			path = Controller;
			sourceTree = "<group>";
		};
		57EB3E2F1C70AAC400325104 /* Model */ = {
			isa = PBXGroup;
			children = (
			);
			path = Model;
			sourceTree = "<group>";
		};
		57EB3E301C70AAC400325104 /* View */ = {
			isa = PBXGroup;
			children = (
			);
			path = View;
			sourceTree = "<group>";
		};
		57EB3E311C70AAC400325104 /* New */ = {
			isa = PBXGroup;
			children = (
				57EB3E321C70AAC400325104 /* Controller */,
				57EB3E351C70AAC400325104 /* Model */,
				57EB3E361C70AAC400325104 /* View */,
			);
			path = New;
			sourceTree = "<group>";
		};
		57EB3E321C70AAC400325104 /* Controller */ = {
			isa = PBXGroup;
			children = (
				57EB3E331C70AAC400325104 /* LJNewViewController.h */,
				57EB3E341C70AAC400325104 /* LJNewViewController.m */,
			);
			path = Controller;
			sourceTree = "<group>";
		};
		57EB3E351C70AAC400325104 /* Model */ = {
			isa = PBXGroup;
			children = (
			);
			path = Model;
			sourceTree = "<group>";
		};
		57EB3E361C70AAC400325104 /* View */ = {
			isa = PBXGroup;
			children = (
			);
			path = View;
			sourceTree = "<group>";
		};
		57EB3E371C70AAC400325104 /* Other */ = {
			isa = PBXGroup;
			children = (
				57EB3E3F1C70AAC400325104 /* Controller */,
				57EB3E441C70AAC400325104 /* View */,
				57EB3E3A1C70AAC400325104 /* Category */,
				57EB3E381C70AAC400325104 /* AppDelegate.h */,
				57EB3E391C70AAC400325104 /* AppDelegate.m */,
				57EB3E421C70AAC400325104 /* main.m */,
				577167691C731A6B00BB62EB /* Foundation+Log.m */,
				57EB3E431C70AAC400325104 /* PrefixHeader.pch */,
			);
			path = Other;
			sourceTree = "<group>";
		};
		57EB3E3A1C70AAC400325104 /* Category */ = {
			isa = PBXGroup;
			children = (
				57EB3E3B1C70AAC400325104 /* UIBarButtonItem+LJExtension.h */,
				57EB3E3C1C70AAC400325104 /* UIBarButtonItem+LJExtension.m */,
				57EB3E3D1C70AAC400325104 /* UIView+LJExtension.h */,
				57EB3E3E1C70AAC400325104 /* UIView+LJExtension.m */,
			);
			path = Category;
			sourceTree = "<group>";
		};
		57EB3E3F1C70AAC400325104 /* Controller */ = {
			isa = PBXGroup;
			children = (
				57EB3E401C70AAC400325104 /* LJViewController.h */,
				57EB3E411C70AAC400325104 /* LJViewController.m */,
				57EB3E511C70BEF900325104 /* LJNavigationController.h */,
				57EB3E521C70BEF900325104 /* LJNavigationController.m */,
			);
			path = Controller;
			sourceTree = "<group>";
		};
		57EB3E441C70AAC400325104 /* View */ = {
			isa = PBXGroup;
			children = (
				57EB3E451C70AAC400325104 /* LJTabBar.h */,
				57EB3E461C70AAC400325104 /* LJTabBar.m */,
			);
			path = View;
			sourceTree = "<group>";
		};
		91518BB48D0C0DA2343E6309 /* Pods */ = {
			isa = PBXGroup;
			children = (
				65E3C2A5CCEF196496159931 /* Pods.debug.xcconfig */,
				C5C5A9A95294F7D0BD28E73E /* Pods.release.xcconfig */,
			);
			name = Pods;
			sourceTree = "<group>";
		};
/* End PBXGroup section */

/* Begin PBXNativeTarget section */
		57DDCE511C6F711A00AD3331 /* baisibudejie */ = {
			isa = PBXNativeTarget;
			buildConfigurationList = 57DDCE7F1C6F711B00AD3331 /* Build configuration list for PBXNativeTarget "baisibudejie" */;
			buildPhases = (
				875C63AA927419D2394E935A /* Check Pods Manifest.lock */,
				57DDCE4E1C6F711A00AD3331 /* Sources */,
				57DDCE4F1C6F711A00AD3331 /* Frameworks */,
				57DDCE501C6F711A00AD3331 /* Resources */,
				B3CC4A8106C4540AE74B2546 /* Embed Pods Frameworks */,
				744C2B8C2C86F9B7947BAA02 /* Copy Pods Resources */,
			);
			buildRules = (
			);
			dependencies = (
			);
			name = baisibudejie;
			productName = baisibudejie;
			productReference = 57D067EE1C72C50900219C23 /* baisibudejie.app */;
			productType = "com.apple.product-type.application";
		};
		57DDCE6A1C6F711B00AD3331 /* baisibudejieTests */ = {
			isa = PBXNativeTarget;
			buildConfigurationList = 57DDCE821C6F711B00AD3331 /* Build configuration list for PBXNativeTarget "baisibudejieTests" */;
			buildPhases = (
				57DDCE671C6F711B00AD3331 /* Sources */,
				57DDCE681C6F711B00AD3331 /* Frameworks */,
				57DDCE691C6F711B00AD3331 /* Resources */,
			);
			buildRules = (
			);
			dependencies = (
				57DDCE6D1C6F711B00AD3331 /* PBXTargetDependency */,
			);
			name = baisibudejieTests;
			productName = baisibudejieTests;
			productReference = 57D067EF1C72C50900219C23 /* baisibudejieTests.xctest */;
			productType = "com.apple.product-type.bundle.unit-test";
		};
		57DDCE751C6F711B00AD3331 /* baisibudejieUITests */ = {
			isa = PBXNativeTarget;
			buildConfigurationList = 57DDCE851C6F711B00AD3331 /* Build configuration list for PBXNativeTarget "baisibudejieUITests" */;
			buildPhases = (
				57DDCE721C6F711B00AD3331 /* Sources */,
				57DDCE731C6F711B00AD3331 /* Frameworks */,
				57DDCE741C6F711B00AD3331 /* Resources */,
			);
			buildRules = (
			);
			dependencies = (
				57DDCE781C6F711B00AD3331 /* PBXTargetDependency */,
			);
			name = baisibudejieUITests;
			productName = baisibudejieUITests;
			productReference = 57D067F01C72C50900219C23 /* baisibudejieUITests.xctest */;
			productType = "com.apple.product-type.bundle.ui-testing";
		};
/* End PBXNativeTarget section */

/* Begin PBXProject section */
		57DDCE4A1C6F711A00AD3331 /* Project object */ = {
			isa = PBXProject;
			attributes = {
				CLASSPREFIX = LJ;
				LastUpgradeCheck = 0720;
				ORGANIZATIONNAME = "吕俊";
				TargetAttributes = {
					57DDCE511C6F711A00AD3331 = {
						CreatedOnToolsVersion = 7.2;
						DevelopmentTeam = P83P39957D;
					};
					57DDCE6A1C6F711B00AD3331 = {
						CreatedOnToolsVersion = 7.2;
						DevelopmentTeam = P83P39957D;
						TestTargetID = 57DDCE511C6F711A00AD3331;
					};
					57DDCE751C6F711B00AD3331 = {
						CreatedOnToolsVersion = 7.2;
						DevelopmentTeam = P83P39957D;
						TestTargetID = 57DDCE511C6F711A00AD3331;
					};
				};
			};
			buildConfigurationList = 57DDCE4D1C6F711A00AD3331 /* Build configuration list for PBXProject "baisibudejie" */;
			compatibilityVersion = "Xcode 3.2";
			developmentRegion = English;
			hasScannedForEncodings = 0;
			knownRegions = (
				en,
				Base,
			);
			mainGroup = 57DDCE491C6F711A00AD3331;
			productRefGroup = 57DDCE491C6F711A00AD3331;
			projectDirPath = "";
			projectRoot = "";
			targets = (
				57DDCE511C6F711A00AD3331 /* baisibudejie */,
				57DDCE6A1C6F711B00AD3331 /* baisibudejieTests */,
				57DDCE751C6F711B00AD3331 /* baisibudejieUITests */,
			);
		};
/* End PBXProject section */

/* Begin PBXResourcesBuildPhase section */
		57DDCE501C6F711A00AD3331 /* Resources */ = {
			isa = PBXResourcesBuildPhase;
			buildActionMask = 2147483647;
			files = (
				57EB3E5F1C70E8D100325104 /* LJRecommendViewController.xib in Resources */,
				57EB3E5A1C70E51100325104 /* LJFriendTrendsViewController.xib in Resources */,
				57DDCE621C6F711B00AD3331 /* Assets.xcassets in Resources */,
				571006841C75B76F00EDAE20 /* LJLoginRigsterViewController.xib in Resources */,
				5766BFF81C74B64B003EF8C1 /* LJRecomentTagsCell.xib in Resources */,
				571529981C72B992005F7107 /* LJCategoryTableViewCell.xib in Resources */,
				57DC77A21C742DB50019A4DA /* LJUserTableViewCell.xib in Resources */,
			);
			runOnlyForDeploymentPostprocessing = 0;
		};
		57DDCE691C6F711B00AD3331 /* Resources */ = {
			isa = PBXResourcesBuildPhase;
			buildActionMask = 2147483647;
			files = (
			);
			runOnlyForDeploymentPostprocessing = 0;
		};
		57DDCE741C6F711B00AD3331 /* Resources */ = {
			isa = PBXResourcesBuildPhase;
			buildActionMask = 2147483647;
			files = (
			);
			runOnlyForDeploymentPostprocessing = 0;
		};
/* End PBXResourcesBuildPhase section */

/* Begin PBXShellScriptBuildPhase section */
		744C2B8C2C86F9B7947BAA02 /* Copy Pods Resources */ = {
			isa = PBXShellScriptBuildPhase;
			buildActionMask = 2147483647;
			files = (
			);
			inputPaths = (
			);
			name = "Copy Pods Resources";
			outputPaths = (
			);
			runOnlyForDeploymentPostprocessing = 0;
			shellPath = /bin/sh;
			shellScript = "\"${SRCROOT}/Pods/Target Support Files/Pods/Pods-resources.sh\"\n";
			showEnvVarsInLog = 0;
		};
		875C63AA927419D2394E935A /* Check Pods Manifest.lock */ = {
			isa = PBXShellScriptBuildPhase;
			buildActionMask = 2147483647;
			files = (
			);
			inputPaths = (
			);
			name = "Check Pods Manifest.lock";
			outputPaths = (
			);
			runOnlyForDeploymentPostprocessing = 0;
			shellPath = /bin/sh;
			shellScript = "diff \"${PODS_ROOT}/../Podfile.lock\" \"${PODS_ROOT}/Manifest.lock\" > /dev/null\nif [[ $? != 0 ]] ; then\n    cat << EOM\nerror: The sandbox is not in sync with the Podfile.lock. Run 'pod install' or update your CocoaPods installation.\nEOM\n    exit 1\nfi\n";
			showEnvVarsInLog = 0;
		};
		B3CC4A8106C4540AE74B2546 /* Embed Pods Frameworks */ = {
			isa = PBXShellScriptBuildPhase;
			buildActionMask = 2147483647;
			files = (
			);
			inputPaths = (
			);
			name = "Embed Pods Frameworks";
			outputPaths = (
			);
			runOnlyForDeploymentPostprocessing = 0;
			shellPath = /bin/sh;
			shellScript = "\"${SRCROOT}/Pods/Target Support Files/Pods/Pods-frameworks.sh\"\n";
			showEnvVarsInLog = 0;
		};
/* End PBXShellScriptBuildPhase section */

/* Begin PBXSourcesBuildPhase section */
		57DDCE4E1C6F711A00AD3331 /* Sources */ = {
			isa = PBXSourcesBuildPhase;
			buildActionMask = 2147483647;
			files = (
				57EB3E4F1C70AAC400325104 /* main.m in Sources */,
				57EB3E481C70AAC400325104 /* LJFriendTrendsViewController.m in Sources */,
				57EB3E501C70AAC400325104 /* LJTabBar.m in Sources */,
				57EB3E4A1C70AAC400325104 /* LJNewViewController.m in Sources */,
				57EB3E4B1C70AAC400325104 /* AppDelegate.m in Sources */,
				571529971C72B992005F7107 /* LJCategoryTableViewCell.m in Sources */,
				57EB3E5E1C70E8D100325104 /* LJRecommendViewController.m in Sources */,
				571006871C75C12B00EDAE20 /* LJVerticalButton.m in Sources */,
				57EB3E491C70AAC400325104 /* LJMeViewController.m in Sources */,
				57DC77A11C742DB50019A4DA /* LJUserTableViewCell.m in Sources */,
				57EB3E531C70BEF900325104 /* LJNavigationController.m in Sources */,
				571006831C75B76F00EDAE20 /* LJLoginRigsterViewController.m in Sources */,
				57EB3E4C1C70AAC400325104 /* UIBarButtonItem+LJExtension.m in Sources */,
				57EB3E4D1C70AAC400325104 /* UIView+LJExtension.m in Sources */,
				5766BFF31C74B252003EF8C1 /* LJRecomendTags.m in Sources */,
				5766BFF71C74B64B003EF8C1 /* LJRecomentTagsCell.m in Sources */,
				5771676A1C731A6B00BB62EB /* Foundation+Log.m in Sources */,
				571529921C72B434005F7107 /* LJRecommentCategory.m in Sources */,
				57DC77A51C7432670019A4DA /* LJUserRecomendModel.m in Sources */,
				5766BFF01C74A0EF003EF8C1 /* LJRecomendTagsTableViewController.m in Sources */,
				57EB3E471C70AAC400325104 /* LJEssenceViewController.m in Sources */,
				57EB3E4E1C70AAC400325104 /* LJViewController.m in Sources */,
			);
			runOnlyForDeploymentPostprocessing = 0;
		};
		57DDCE671C6F711B00AD3331 /* Sources */ = {
			isa = PBXSourcesBuildPhase;
			buildActionMask = 2147483647;
			files = (
				57DDCE701C6F711B00AD3331 /* baisibudejieTests.m in Sources */,
			);
			runOnlyForDeploymentPostprocessing = 0;
		};
		57DDCE721C6F711B00AD3331 /* Sources */ = {
			isa = PBXSourcesBuildPhase;
			buildActionMask = 2147483647;
			files = (
				57DDCE7B1C6F711B00AD3331 /* baisibudejieUITests.m in Sources */,
			);
			runOnlyForDeploymentPostprocessing = 0;
		};
/* End PBXSourcesBuildPhase section */

/* Begin PBXTargetDependency section */
		57DDCE6D1C6F711B00AD3331 /* PBXTargetDependency */ = {
			isa = PBXTargetDependency;
			target = 57DDCE511C6F711A00AD3331 /* baisibudejie */;
			targetProxy = 57DDCE6C1C6F711B00AD3331 /* PBXContainerItemProxy */;
		};
		57DDCE781C6F711B00AD3331 /* PBXTargetDependency */ = {
			isa = PBXTargetDependency;
			target = 57DDCE511C6F711A00AD3331 /* baisibudejie */;
			targetProxy = 57DDCE771C6F711B00AD3331 /* PBXContainerItemProxy */;
		};
/* End PBXTargetDependency section */

/* Begin XCBuildConfiguration section */
		57DDCE7D1C6F711B00AD3331 /* Debug */ = {
			isa = XCBuildConfiguration;
			buildSettings = {
				ALWAYS_SEARCH_USER_PATHS = NO;
				CLANG_CXX_LANGUAGE_STANDARD = "gnu++0x";
				CLANG_CXX_LIBRARY = "libc++";
				CLANG_ENABLE_MODULES = YES;
				CLANG_ENABLE_OBJC_ARC = YES;
				CLANG_WARN_BOOL_CONVERSION = YES;
				CLANG_WARN_CONSTANT_CONVERSION = YES;
				CLANG_WARN_DIRECT_OBJC_ISA_USAGE = YES_ERROR;
				CLANG_WARN_EMPTY_BODY = YES;
				CLANG_WARN_ENUM_CONVERSION = YES;
				CLANG_WARN_INT_CONVERSION = YES;
				CLANG_WARN_OBJC_ROOT_CLASS = YES_ERROR;
				CLANG_WARN_UNREACHABLE_CODE = YES;
				CLANG_WARN__DUPLICATE_METHOD_MATCH = YES;
				"CODE_SIGN_IDENTITY[sdk=iphoneos*]" = "iPhone Developer";
				COPY_PHASE_STRIP = NO;
				DEBUG_INFORMATION_FORMAT = dwarf;
				ENABLE_STRICT_OBJC_MSGSEND = YES;
				ENABLE_TESTABILITY = YES;
				GCC_C_LANGUAGE_STANDARD = gnu99;
				GCC_DYNAMIC_NO_PIC = NO;
				GCC_NO_COMMON_BLOCKS = YES;
				GCC_OPTIMIZATION_LEVEL = 0;
				GCC_PREPROCESSOR_DEFINITIONS = (
					"DEBUG=1",
					"$(inherited)",
				);
				GCC_WARN_64_TO_32_BIT_CONVERSION = YES;
				GCC_WARN_ABOUT_RETURN_TYPE = YES_ERROR;
				GCC_WARN_UNDECLARED_SELECTOR = YES;
				GCC_WARN_UNINITIALIZED_AUTOS = YES_AGGRESSIVE;
				GCC_WARN_UNUSED_FUNCTION = YES;
				GCC_WARN_UNUSED_VARIABLE = YES;
				IPHONEOS_DEPLOYMENT_TARGET = 9.2;
				MTL_ENABLE_DEBUG_INFO = YES;
				ONLY_ACTIVE_ARCH = YES;
				SDKROOT = iphoneos;
			};
			name = Debug;
		};
		57DDCE7E1C6F711B00AD3331 /* Release */ = {
			isa = XCBuildConfiguration;
			buildSettings = {
				ALWAYS_SEARCH_USER_PATHS = NO;
				CLANG_CXX_LANGUAGE_STANDARD = "gnu++0x";
				CLANG_CXX_LIBRARY = "libc++";
				CLANG_ENABLE_MODULES = YES;
				CLANG_ENABLE_OBJC_ARC = YES;
				CLANG_WARN_BOOL_CONVERSION = YES;
				CLANG_WARN_CONSTANT_CONVERSION = YES;
				CLANG_WARN_DIRECT_OBJC_ISA_USAGE = YES_ERROR;
				CLANG_WARN_EMPTY_BODY = YES;
				CLANG_WARN_ENUM_CONVERSION = YES;
				CLANG_WARN_INT_CONVERSION = YES;
				CLANG_WARN_OBJC_ROOT_CLASS = YES_ERROR;
				CLANG_WARN_UNREACHABLE_CODE = YES;
				CLANG_WARN__DUPLICATE_METHOD_MATCH = YES;
				"CODE_SIGN_IDENTITY[sdk=iphoneos*]" = "iPhone Developer";
				COPY_PHASE_STRIP = NO;
				DEBUG_INFORMATION_FORMAT = "dwarf-with-dsym";
				ENABLE_NS_ASSERTIONS = NO;
				ENABLE_STRICT_OBJC_MSGSEND = YES;
				GCC_C_LANGUAGE_STANDARD = gnu99;
				GCC_NO_COMMON_BLOCKS = YES;
				GCC_WARN_64_TO_32_BIT_CONVERSION = YES;
				GCC_WARN_ABOUT_RETURN_TYPE = YES_ERROR;
				GCC_WARN_UNDECLARED_SELECTOR = YES;
				GCC_WARN_UNINITIALIZED_AUTOS = YES_AGGRESSIVE;
				GCC_WARN_UNUSED_FUNCTION = YES;
				GCC_WARN_UNUSED_VARIABLE = YES;
				IPHONEOS_DEPLOYMENT_TARGET = 9.2;
				MTL_ENABLE_DEBUG_INFO = NO;
				SDKROOT = iphoneos;
				VALIDATE_PRODUCT = YES;
			};
			name = Release;
		};
		57DDCE801C6F711B00AD3331 /* Debug */ = {
			isa = XCBuildConfiguration;
			baseConfigurationReference = 65E3C2A5CCEF196496159931 /* Pods.debug.xcconfig */;
			buildSettings = {
				ASSETCATALOG_COMPILER_APPICON_NAME = AppIcon;
				ASSETCATALOG_COMPILER_LAUNCHIMAGE_NAME = "Brand Assets";
				GCC_PREFIX_HEADER = baisibudejie/Classes/Other/PrefixHeader.pch;
				INFOPLIST_FILE = baisibudejie/Info.plist;
				IPHONEOS_DEPLOYMENT_TARGET = 9.2;
				LD_RUNPATH_SEARCH_PATHS = "$(inherited) @executable_path/Frameworks";
				PRODUCT_BUNDLE_IDENTIFIER = lvjun.baisibudejie;
				PRODUCT_NAME = "$(TARGET_NAME)";
				TARGETED_DEVICE_FAMILY = 1;
			};
			name = Debug;
		};
		57DDCE811C6F711B00AD3331 /* Release */ = {
			isa = XCBuildConfiguration;
			baseConfigurationReference = C5C5A9A95294F7D0BD28E73E /* Pods.release.xcconfig */;
			buildSettings = {
				ASSETCATALOG_COMPILER_APPICON_NAME = AppIcon;
				ASSETCATALOG_COMPILER_LAUNCHIMAGE_NAME = "Brand Assets";
				GCC_PREFIX_HEADER = baisibudejie/Classes/Other/PrefixHeader.pch;
				INFOPLIST_FILE = baisibudejie/Info.plist;
				IPHONEOS_DEPLOYMENT_TARGET = 9.2;
				LD_RUNPATH_SEARCH_PATHS = "$(inherited) @executable_path/Frameworks";
				PRODUCT_BUNDLE_IDENTIFIER = lvjun.baisibudejie;
				PRODUCT_NAME = "$(TARGET_NAME)";
				TARGETED_DEVICE_FAMILY = 1;
			};
			name = Release;
		};
		57DDCE831C6F711B00AD3331 /* Debug */ = {
			isa = XCBuildConfiguration;
			buildSettings = {
				BUNDLE_LOADER = "$(TEST_HOST)";
				INFOPLIST_FILE = baisibudejieTests/Info.plist;
				LD_RUNPATH_SEARCH_PATHS = "$(inherited) @executable_path/Frameworks @loader_path/Frameworks";
				PRODUCT_BUNDLE_IDENTIFIER = lvjun.baisibudejieTests;
				PRODUCT_NAME = "$(TARGET_NAME)";
				TEST_HOST = "$(BUILT_PRODUCTS_DIR)/baisibudejie.app/baisibudejie";
			};
			name = Debug;
		};
		57DDCE841C6F711B00AD3331 /* Release */ = {
			isa = XCBuildConfiguration;
			buildSettings = {
				BUNDLE_LOADER = "$(TEST_HOST)";
				INFOPLIST_FILE = baisibudejieTests/Info.plist;
				LD_RUNPATH_SEARCH_PATHS = "$(inherited) @executable_path/Frameworks @loader_path/Frameworks";
				PRODUCT_BUNDLE_IDENTIFIER = lvjun.baisibudejieTests;
				PRODUCT_NAME = "$(TARGET_NAME)";
				TEST_HOST = "$(BUILT_PRODUCTS_DIR)/baisibudejie.app/baisibudejie";
			};
			name = Release;
		};
		57DDCE861C6F711B00AD3331 /* Debug */ = {
			isa = XCBuildConfiguration;
			buildSettings = {
				INFOPLIST_FILE = baisibudejieUITests/Info.plist;
				LD_RUNPATH_SEARCH_PATHS = "$(inherited) @executable_path/Frameworks @loader_path/Frameworks";
				PRODUCT_BUNDLE_IDENTIFIER = lvjun.baisibudejieUITests;
				PRODUCT_NAME = "$(TARGET_NAME)";
				TEST_TARGET_NAME = baisibudejie;
				USES_XCTRUNNER = YES;
			};
			name = Debug;
		};
		57DDCE871C6F711B00AD3331 /* Release */ = {
			isa = XCBuildConfiguration;
			buildSettings = {
				INFOPLIST_FILE = baisibudejieUITests/Info.plist;
				LD_RUNPATH_SEARCH_PATHS = "$(inherited) @executable_path/Frameworks @loader_path/Frameworks";
				PRODUCT_BUNDLE_IDENTIFIER = lvjun.baisibudejieUITests;
				PRODUCT_NAME = "$(TARGET_NAME)";
				TEST_TARGET_NAME = baisibudejie;
				USES_XCTRUNNER = YES;
			};
			name = Release;
		};
/* End XCBuildConfiguration section */

/* Begin XCConfigurationList section */
		57DDCE4D1C6F711A00AD3331 /* Build configuration list for PBXProject "baisibudejie" */ = {
			isa = XCConfigurationList;
			buildConfigurations = (
				57DDCE7D1C6F711B00AD3331 /* Debug */,
				57DDCE7E1C6F711B00AD3331 /* Release */,
			);
			defaultConfigurationIsVisible = 0;
			defaultConfigurationName = Release;
		};
		57DDCE7F1C6F711B00AD3331 /* Build configuration list for PBXNativeTarget "baisibudejie" */ = {
			isa = XCConfigurationList;
			buildConfigurations = (
				57DDCE801C6F711B00AD3331 /* Debug */,
				57DDCE811C6F711B00AD3331 /* Release */,
			);
			defaultConfigurationIsVisible = 0;
			defaultConfigurationName = Release;
		};
		57DDCE821C6F711B00AD3331 /* Build configuration list for PBXNativeTarget "baisibudejieTests" */ = {
			isa = XCConfigurationList;
			buildConfigurations = (
				57DDCE831C6F711B00AD3331 /* Debug */,
				57DDCE841C6F711B00AD3331 /* Release */,
			);
			defaultConfigurationIsVisible = 0;
			defaultConfigurationName = Release;
		};
		57DDCE851C6F711B00AD3331 /* Build configuration list for PBXNativeTarget "baisibudejieUITests" */ = {
			isa = XCConfigurationList;
			buildConfigurations = (
				57DDCE861C6F711B00AD3331 /* Debug */,
				57DDCE871C6F711B00AD3331 /* Release */,
			);
			defaultConfigurationIsVisible = 0;
			defaultConfigurationName = Release;
		};
/* End XCConfigurationList section */
	};
	rootObject = 57DDCE4A1C6F711A00AD3331 /* Project object */;
}
